// !$*UTF8*$!
{
	archiveVersion = 1;
	classes = {
	};
	objectVersion = 46;
	objects = {

/* Begin PBXBuildFile section */
		2894AA9C1ADC057A0081CE99 /* main.m in Sources */ = {isa = PBXBuildFile; fileRef = 2894AA9B1ADC057A0081CE99 /* main.m */; };
		2894AA9F1ADC057A0081CE99 /* AppDelegate.m in Sources */ = {isa = PBXBuildFile; fileRef = 2894AA9E1ADC057A0081CE99 /* AppDelegate.m */; };
		2894AAA21ADC057A0081CE99 /* FirstViewController.m in Sources */ = {isa = PBXBuildFile; fileRef = 2894AAA11ADC057A0081CE99 /* FirstViewController.m */; };
		2894AAA51ADC057A0081CE99 /* SecondViewController.m in Sources */ = {isa = PBXBuildFile; fileRef = 2894AAA41ADC057A0081CE99 /* SecondViewController.m */; };
		2894AAA81ADC057A0081CE99 /* Main.storyboard in Resources */ = {isa = PBXBuildFile; fileRef = 2894AAA61ADC057A0081CE99 /* Main.storyboard */; };
		2894AAAA1ADC057A0081CE99 /* Images.xcassets in Resources */ = {isa = PBXBuildFile; fileRef = 2894AAA91ADC057A0081CE99 /* Images.xcassets */; };
		2894AAAD1ADC057A0081CE99 /* LaunchScreen.xib in Resources */ = {isa = PBXBuildFile; fileRef = 2894AAAB1ADC057A0081CE99 /* LaunchScreen.xib */; };
		2894AAB91ADC057A0081CE99 /* LostBabyTests.m in Sources */ = {isa = PBXBuildFile; fileRef = 2894AAB81ADC057A0081CE99 /* LostBabyTests.m */; };
/* End PBXBuildFile section */

/* Begin PBXContainerItemProxy section */
		2894AAB31ADC057A0081CE99 /* PBXContainerItemProxy */ = {
			isa = PBXContainerItemProxy;
			containerPortal = 2894AA8E1ADC057A0081CE99 /* Project object */;
			proxyType = 1;
			remoteGlobalIDString = 2894AA951ADC057A0081CE99;
			remoteInfo = LostBaby;
		};
/* End PBXContainerItemProxy section */

/* Begin PBXFileReference section */
		2894AA961ADC057A0081CE99 /* LostBaby.app */ = {isa = PBXFileReference; explicitFileType = wrapper.application; includeInIndex = 0; path = LostBaby.app; sourceTree = BUILT_PRODUCTS_DIR; };
		2894AA9A1ADC057A0081CE99 /* Info.plist */ = {isa = PBXFileReference; lastKnownFileType = text.plist.xml; path = Info.plist; sourceTree = "<group>"; };
		2894AA9B1ADC057A0081CE99 /* main.m */ = {isa = PBXFileReference; lastKnownFileType = sourcecode.c.objc; path = main.m; sourceTree = "<group>"; };
		2894AA9D1ADC057A0081CE99 /* AppDelegate.h */ = {isa = PBXFileReference; lastKnownFileType = sourcecode.c.h; path = AppDelegate.h; sourceTree = "<group>"; };
		2894AA9E1ADC057A0081CE99 /* AppDelegate.m */ = {isa = PBXFileReference; lastKnownFileType = sourcecode.c.objc; path = AppDelegate.m; sourceTree = "<group>"; };
		2894AAA01ADC057A0081CE99 /* FirstViewController.h */ = {isa = PBXFileReference; lastKnownFileType = sourcecode.c.h; path = FirstViewController.h; sourceTree = "<group>"; };
		2894AAA11ADC057A0081CE99 /* FirstViewController.m */ = {isa = PBXFileReference; lastKnownFileType = sourcecode.c.objc; path = FirstViewController.m; sourceTree = "<group>"; };
		2894AAA31ADC057A0081CE99 /* SecondViewController.h */ = {isa = PBXFileReference; lastKnownFileType = sourcecode.c.h; path = SecondViewController.h; sourceTree = "<group>"; };
		2894AAA41ADC057A0081CE99 /* SecondViewController.m */ = {isa = PBXFileReference; lastKnownFileType = sourcecode.c.objc; path = SecondViewController.m; sourceTree = "<group>"; };
		2894AAA71ADC057A0081CE99 /* Base */ = {isa = PBXFileReference; lastKnownFileType = file.storyboard; name = Base; path = Base.lproj/Main.storyboard; sourceTree = "<group>"; };
		2894AAA91ADC057A0081CE99 /* Images.xcassets */ = {isa = PBXFileReference; lastKnownFileType = folder.assetcatalog; path = Images.xcassets; sourceTree = "<group>"; };
		2894AAAC1ADC057A0081CE99 /* Base */ = {isa = PBXFileReference; lastKnownFileType = file.xib; name = Base; path = Base.lproj/LaunchScreen.xib; sourceTree = "<group>"; };
		2894AAB21ADC057A0081CE99 /* LostBabyTests.xctest */ = {isa = PBXFileReference; explicitFileType = wrapper.cfbundle; includeInIndex = 0; path = LostBabyTests.xctest; sourceTree = BUILT_PRODUCTS_DIR; };
		2894AAB71ADC057A0081CE99 /* Info.plist */ = {isa = PBXFileReference; lastKnownFileType = text.plist.xml; path = Info.plist; sourceTree = "<group>"; };
		2894AAB81ADC057A0081CE99 /* LostBabyTests.m */ = {isa = PBXFileReference; lastKnownFileType = sourcecode.c.objc; path = LostBabyTests.m; sourceTree = "<group>"; };
/* End PBXFileReference section */

/* Begin PBXFrameworksBuildPhase section */
		2894AA931ADC057A0081CE99 /* Frameworks */ = {
			isa = PBXFrameworksBuildPhase;
			buildActionMask = 2147483647;
			files = (
			);
			runOnlyForDeploymentPostprocessing = 0;
		};
		2894AAAF1ADC057A0081CE99 /* Frameworks */ = {
			isa = PBXFrameworksBuildPhase;
			buildActionMask = 2147483647;
			files = (
			);
			runOnlyForDeploymentPostprocessing = 0;
		};
/* End PBXFrameworksBuildPhase section */

/* Begin PBXGroup section */
		2894AA8D1ADC057A0081CE99 = {
			isa = PBXGroup;
			children = (
				2894AA981ADC057A0081CE99 /* LostBaby */,
				2894AAB51ADC057A0081CE99 /* LostBabyTests */,
				2894AA971ADC057A0081CE99 /* Products */,
			);
			sourceTree = "<group>";
		};
		2894AA971ADC057A0081CE99 /* Products */ = {
			isa = PBXGroup;
			children = (
				2894AA961ADC057A0081CE99 /* LostBaby.app */,
				2894AAB21ADC057A0081CE99 /* LostBabyTests.xctest */,
			);
			name = Products;
			sourceTree = "<group>";
		};
		2894AA981ADC057A0081CE99 /* LostBaby */ = {
			isa = PBXGroup;
			children = (
				2894AA9D1ADC057A0081CE99 /* AppDelegate.h */,
				2894AA9E1ADC057A0081CE99 /* AppDelegate.m */,
				2894AAA01ADC057A0081CE99 /* FirstViewController.h */,
				2894AAA11ADC057A0081CE99 /* FirstViewController.m */,
				2894AAA31ADC057A0081CE99 /* SecondViewController.h */,
				2894AAA41ADC057A0081CE99 /* SecondViewController.m */,
				2894AAA61ADC057A0081CE99 /* Main.storyboard */,
				2894AAA91ADC057A0081CE99 /* Images.xcassets */,
				2894AAAB1ADC057A0081CE99 /* LaunchScreen.xib */,
				2894AA991ADC057A0081CE99 /* Supporting Files */,
			);
			path = LostBaby;
			sourceTree = "<group>";
		};
		2894AA991ADC057A0081CE99 /* Supporting Files */ = {
			isa = PBXGroup;
			children = (
				2894AA9A1ADC057A0081CE99 /* Info.plist */,
				2894AA9B1ADC057A0081CE99 /* main.m */,
			);
			name = "Supporting Files";
			sourceTree = "<group>";
		};
		2894AAB51ADC057A0081CE99 /* LostBabyTests */ = {
			isa = PBXGroup;
			children = (
				2894AAB81ADC057A0081CE99 /* LostBabyTests.m */,
				2894AAB61ADC057A0081CE99 /* Supporting Files */,
			);
			path = LostBabyTests;
			sourceTree = "<group>";
		};
		2894AAB61ADC057A0081CE99 /* Supporting Files */ = {
			isa = PBXGroup;
			children = (
				2894AAB71ADC057A0081CE99 /* Info.plist */,
			);
			name = "Supporting Files";
			sourceTree = "<group>";
		};
/* End PBXGroup section */

/* Begin PBXNativeTarget section */
		2894AA951ADC057A0081CE99 /* LostBaby */ = {
			isa = PBXNativeTarget;
			buildConfigurationList = 2894AABC1ADC057A0081CE99 /* Build configuration list for PBXNativeTarget "LostBaby" */;
			buildPhases = (
				2894AA921ADC057A0081CE99 /* Sources */,
				2894AA931ADC057A0081CE99 /* Frameworks */,
				2894AA941ADC057A0081CE99 /* Resources */,
			);
			buildRules = (
			);
			dependencies = (
			);
			name = LostBaby;
			productName = LostBaby;
			productReference = 2894AA961ADC057A0081CE99 /* LostBaby.app */;
			productType = "com.apple.product-type.application";
		};
		2894AAB11ADC057A0081CE99 /* LostBabyTests */ = {
			isa = PBXNativeTarget;
			buildConfigurationList = 2894AABF1ADC057A0081CE99 /* Build configuration list for PBXNativeTarget "LostBabyTests" */;
			buildPhases = (
				2894AAAE1ADC057A0081CE99 /* Sources */,
				2894AAAF1ADC057A0081CE99 /* Frameworks */,
				2894AAB01ADC057A0081CE99 /* Resources */,
			);
			buildRules = (
			);
			dependencies = (
				2894AAB41ADC057A0081CE99 /* PBXTargetDependency */,
			);
			name = LostBabyTests;
			productName = LostBabyTests;
			productReference = 2894AAB21ADC057A0081CE99 /* LostBabyTests.xctest */;
			productType = "com.apple.product-type.bundle.unit-test";
		};
/* End PBXNativeTarget section */

/* Begin PBXProject section */
		2894AA8E1ADC057A0081CE99 /* Project object */ = {
			isa = PBXProject;
			attributes = {
				LastUpgradeCheck = 0610;
				ORGANIZATIONNAME = Duger;
				TargetAttributes = {
					2894AA951ADC057A0081CE99 = {
						CreatedOnToolsVersion = 6.1;
					};
					2894AAB11ADC057A0081CE99 = {
						CreatedOnToolsVersion = 6.1;
						TestTargetID = 2894AA951ADC057A0081CE99;
					};
				};
			};
			buildConfigurationList = 2894AA911ADC057A0081CE99 /* Build configuration list for PBXProject "LostBaby" */;
			compatibilityVersion = "Xcode 3.2";
			developmentRegion = English;
			hasScannedForEncodings = 0;
			knownRegions = (
				en,
				Base,
			);
			mainGroup = 2894AA8D1ADC057A0081CE99;
			productRefGroup = 2894AA971ADC057A0081CE99 /* Products */;
			projectDirPath = "";
			projectRoot = "";
			targets = (
				2894AA951ADC057A0081CE99 /* LostBaby */,
				2894AAB11ADC057A0081CE99 /* LostBabyTests */,
			);
		};
/* End PBXProject section */

/* Begin PBXResourcesBuildPhase section */
		2894AA941ADC057A0081CE99 /* Resources */ = {
			isa = PBXResourcesBuildPhase;
			buildActionMask = 2147483647;
			files = (
				2894AAA81ADC057A0081CE99 /* Main.storyboard in Resources */,
				2894AAAD1ADC057A0081CE99 /* LaunchScreen.xib in Resources */,
				2894AAAA1ADC057A0081CE99 /* Images.xcassets in Resources */,
			);
			runOnlyForDeploymentPostprocessing = 0;
		};
		2894AAB01ADC057A0081CE99 /* Resources */ = {
			isa = PBXResourcesBuildPhase;
			buildActionMask = 2147483647;
			files = (
			);
			runOnlyForDeploymentPostprocessing = 0;
		};
/* End PBXResourcesBuildPhase section */

/* Begin PBXSourcesBuildPhase section */
		2894AA921ADC057A0081CE99 /* Sources */ = {
			isa = PBXSourcesBuildPhase;
			buildActionMask = 2147483647;
			files = (
				2894AAA51ADC057A0081CE99 /* SecondViewController.m in Sources */,
				2894AA9F1ADC057A0081CE99 /* AppDelegate.m in Sources */,
				2894AAA21ADC057A0081CE99 /* FirstViewController.m in Sources */,
				2894AA9C1ADC057A0081CE99 /* main.m in Sources */,
			);
			runOnlyForDeploymentPostprocessing = 0;
		};
		2894AAAE1ADC057A0081CE99 /* Sources */ = {
			isa = PBXSourcesBuildPhase;
			buildActionMask = 2147483647;
			files = (
				2894AAB91ADC057A0081CE99 /* LostBabyTests.m in Sources */,
			);
			runOnlyForDeploymentPostprocessing = 0;
		};
/* End PBXSourcesBuildPhase section */

/* Begin PBXTargetDependency section */
		2894AAB41ADC057A0081CE99 /* PBXTargetDependency */ = {
			isa = PBXTargetDependency;
			target = 2894AA951ADC057A0081CE99 /* LostBaby */;
			targetProxy = 2894AAB31ADC057A0081CE99 /* PBXContainerItemProxy */;
		};
/* End PBXTargetDependency section */

/* Begin PBXVariantGroup section */
		2894AAA61ADC057A0081CE99 /* Main.storyboard */ = {
			isa = PBXVariantGroup;
			children = (
				2894AAA71ADC057A0081CE99 /* Base */,
			);
			name = Main.storyboard;
			sourceTree = "<group>";
		};
		2894AAAB1ADC057A0081CE99 /* LaunchScreen.xib */ = {
			isa = PBXVariantGroup;
			children = (
				2894AAAC1ADC057A0081CE99 /* Base */,
			);
			name = LaunchScreen.xib;
			sourceTree = "<group>";
		};
/* End PBXVariantGroup section */

/* Begin XCBuildConfiguration section */
		2894AABA1ADC057A0081CE99 /* Debug */ = {
			isa = XCBuildConfiguration;
			buildSettings = {
				ALWAYS_SEARCH_USER_PATHS = NO;
				CLANG_CXX_LANGUAGE_STANDARD = "gnu++0x";
				CLANG_CXX_LIBRARY = "libc++";
				CLANG_ENABLE_MODULES = YES;
				CLANG_ENABLE_OBJC_ARC = YES;
				CLANG_WARN_BOOL_CONVERSION = YES;
				CLANG_WARN_CONSTANT_CONVERSION = YES;
				CLANG_WARN_DIRECT_OBJC_ISA_USAGE = YES_ERROR;
				CLANG_WARN_EMPTY_BODY = YES;
				CLANG_WARN_ENUM_CONVERSION = YES;
				CLANG_WARN_INT_CONVERSION = YES;
				CLANG_WARN_OBJC_ROOT_CLASS = YES_ERROR;
				CLANG_WARN_UNREACHABLE_CODE = YES;
				CLANG_WARN__DUPLICATE_METHOD_MATCH = YES;
				"CODE_SIGN_IDENTITY[sdk=iphoneos*]" = "iPhone Developer";
				COPY_PHASE_STRIP = NO;
				ENABLE_STRICT_OBJC_MSGSEND = YES;
				GCC_C_LANGUAGE_STANDARD = gnu99;
				GCC_DYNAMIC_NO_PIC = NO;
				GCC_OPTIMIZATION_LEVEL = 0;
				GCC_PREPROCESSOR_DEFINITIONS = (
					"DEBUG=1",
					"$(inherited)",
				);
				GCC_SYMBOLS_PRIVATE_EXTERN = NO;
				GCC_WARN_64_TO_32_BIT_CONVERSION = YES;
				GCC_WARN_ABOUT_RETURN_TYPE = YES_ERROR;
				GCC_WARN_UNDECLARED_SELECTOR = YES;
				GCC_WARN_UNINITIALIZED_AUTOS = YES_AGGRESSIVE;
				GCC_WARN_UNUSED_FUNCTION = YES;
				GCC_WARN_UNUSED_VARIABLE = YES;
				IPHONEOS_DEPLOYMENT_TARGET = 8.1;
				MTL_ENABLE_DEBUG_INFO = YES;
				ONLY_ACTIVE_ARCH = YES;
				SDKROOT = iphoneos;
			};
			name = Debug;
		};
		2894AABB1ADC057A0081CE99 /* Release */ = {
			isa = XCBuildConfiguration;
			buildSettings = {
				ALWAYS_SEARCH_USER_PATHS = NO;
				CLANG_CXX_LANGUAGE_STANDARD = "gnu++0x";
				CLANG_CXX_LIBRARY = "libc++";
				CLANG_ENABLE_MODULES = YES;
				CLANG_ENABLE_OBJC_ARC = YES;
				CLANG_WARN_BOOL_CONVERSION = YES;
				CLANG_WARN_CONSTANT_CONVERSION = YES;
				CLANG_WARN_DIRECT_OBJC_ISA_USAGE = YES_ERROR;
				CLANG_WARN_EMPTY_BODY = YES;
				CLANG_WARN_ENUM_CONVERSION = YES;
				CLANG_WARN_INT_CONVERSION = YES;
				CLANG_WARN_OBJC_ROOT_CLASS = YES_ERROR;
				CLANG_WARN_UNREACHABLE_CODE = YES;
				CLANG_WARN__DUPLICATE_METHOD_MATCH = YES;
				"CODE_SIGN_IDENTITY[sdk=iphoneos*]" = "iPhone Developer";
				COPY_PHASE_STRIP = YES;
				ENABLE_NS_ASSERTIONS = NO;
				ENABLE_STRICT_OBJC_MSGSEND = YES;
				GCC_C_LANGUAGE_STANDARD = gnu99;
				GCC_WARN_64_TO_32_BIT_CONVERSION = YES;
				GCC_WARN_ABOUT_RETURN_TYPE = YES_ERROR;
				GCC_WARN_UNDECLARED_SELECTOR = YES;
				GCC_WARN_UNINITIALIZED_AUTOS = YES_AGGRESSIVE;
				GCC_WARN_UNUSED_FUNCTION = YES;
				GCC_WARN_UNUSED_VARIABLE = YES;
				IPHONEOS_DEPLOYMENT_TARGET = 8.1;
				MTL_ENABLE_DEBUG_INFO = NO;
				SDKROOT = iphoneos;
				VALIDATE_PRODUCT = YES;
			};
			name = Release;
		};
		2894AABD1ADC057A0081CE99 /* Debug */ = {
			isa = XCBuildConfiguration;
			buildSettings = {
				ASSETCATALOG_COMPILER_APPICON_NAME = AppIcon;
				INFOPLIST_FILE = LostBaby/Info.plist;
				LD_RUNPATH_SEARCH_PATHS = "$(inherited) @executable_path/Frameworks";
				PRODUCT_NAME = "$(TARGET_NAME)";
			};
			name = Debug;
		};
		2894AABE1ADC057A0081CE99 /* Release */ = {
			isa = XCBuildConfiguration;
			buildSettings = {
				ASSETCATALOG_COMPILER_APPICON_NAME = AppIcon;
				INFOPLIST_FILE = LostBaby/Info.plist;
				LD_RUNPATH_SEARCH_PATHS = "$(inherited) @executable_path/Frameworks";
				PRODUCT_NAME = "$(TARGET_NAME)";
			};
			name = Release;
		};
		2894AAC01ADC057A0081CE99 /* Debug */ = {
			isa = XCBuildConfiguration;
			buildSettings = {
				BUNDLE_LOADER = "$(TEST_HOST)";
				FRAMEWORK_SEARCH_PATHS = (
					"$(SDKROOT)/Developer/Library/Frameworks",
					"$(inherited)",
				);
				GCC_PREPROCESSOR_DEFINITIONS = (
					"DEBUG=1",
					"$(inherited)",
				);
				INFOPLIST_FILE = LostBabyTests/Info.plist;
				LD_RUNPATH_SEARCH_PATHS = "$(inherited) @executable_path/Frameworks @loader_path/Frameworks";
				PRODUCT_NAME = "$(TARGET_NAME)";
				TEST_HOST = "$(BUILT_PRODUCTS_DIR)/LostBaby.app/LostBaby";
			};
			name = Debug;
		};
		2894AAC11ADC057A0081CE99 /* Release */ = {
			isa = XCBuildConfiguration;
			buildSettings = {
				BUNDLE_LOADER = "$(TEST_HOST)";
				FRAMEWORK_SEARCH_PATHS = (
					"$(SDKROOT)/Developer/Library/Frameworks",
					"$(inherited)",
				);
				INFOPLIST_FILE = LostBabyTests/Info.plist;
				LD_RUNPATH_SEARCH_PATHS = "$(inherited) @executable_path/Frameworks @loader_path/Frameworks";
				PRODUCT_NAME = "$(TARGET_NAME)";
				TEST_HOST = "$(BUILT_PRODUCTS_DIR)/LostBaby.app/LostBaby";
			};
			name = Release;
		};
/* End XCBuildConfiguration section */

/* Begin XCConfigurationList section */
		2894AA911ADC057A0081CE99 /* Build configuration list for PBXProject "LostBaby" */ = {
			isa = XCConfigurationList;
			buildConfigurations = (
				2894AABA1ADC057A0081CE99 /* Debug */,
				2894AABB1ADC057A0081CE99 /* Release */,
			);
			defaultConfigurationIsVisible = 0;
			defaultConfigurationName = Release;
		};
		2894AABC1ADC057A0081CE99 /* Build configuration list for PBXNativeTarget "LostBaby" */ = {
			isa = XCConfigurationList;
			buildConfigurations = (
				2894AABD1ADC057A0081CE99 /* Debug */,
				2894AABE1ADC057A0081CE99 /* Release */,
			);
			defaultConfigurationIsVisible = 0;
		};
		2894AABF1ADC057A0081CE99 /* Build configuration list for PBXNativeTarget "LostBabyTests" */ = {
			isa = XCConfigurationList;
			buildConfigurations = (
				2894AAC01ADC057A0081CE99 /* Debug */,
				2894AAC11ADC057A0081CE99 /* Release */,
			);
			defaultConfigurationIsVisible = 0;
		};
/* End XCConfigurationList section */
	};
	rootObject = 2894AA8E1ADC057A0081CE99 /* Project object */;
}
